Microsoft Visual Studio Solution File, Format Version 12.00
# Visual Studio 2012
Project("{FAE04EC0-301F-11D3-BF4B-00C04F79EFBC}") = "nature_rendering", "nature_rendering.csproj", "{24332D3D-C44A-46D8-9909-193DBDE423EE}"
EndProject
Global
	GlobalSection(SolutionConfigurationPlatforms) = preSolution
	Debug|Any CPU = Debug|Any CPU
	ExportDebug|Any CPU = ExportDebug|Any CPU
	ExportRelease|Any CPU = ExportRelease|Any CPU
	EndGlobalSection
	GlobalSection(ProjectConfigurationPlatforms) = postSolution
		{24332D3D-C44A-46D8-9909-193DBDE423EE}.Debug|Any CPU.ActiveCfg = Debug|Any CPU
		{24332D3D-C44A-46D8-9909-193DBDE423EE}.Debug|Any CPU.Build.0 = Debug|Any CPU
		{24332D3D-C44A-46D8-9909-193DBDE423EE}.ExportDebug|Any CPU.ActiveCfg = ExportDebug|Any CPU
		{24332D3D-C44A-46D8-9909-193DBDE423EE}.ExportDebug|Any CPU.Build.0 = ExportDebug|Any CPU
		{24332D3D-C44A-46D8-9909-193DBDE423EE}.ExportRelease|Any CPU.ActiveCfg = ExportRelease|Any CPU
		{24332D3D-C44A-46D8-9909-193DBDE423EE}.ExportRelease|Any CPU.Build.0 = ExportRelease|Any CPU
	EndGlobalSection
EndGlobal
